<?xml version="1.0" encoding="utf-8"?>
<Project ToolsVersion="4.0" xmlns="http://schemas.microsoft.com/developer/msbuild/2003">
  <ItemGroup>
    <Filter Include="Source">
      <UniqueIdentifier>{47c39120-a88e-47c4-b0a8-4bf738d54a5c}</UniqueIdentifier>
    </Filter>
    <Filter Include="Include">
      <UniqueIdentifier>{9cb2992f-6959-4153-a4c4-d9ea4d86347d}</UniqueIdentifier>
    </Filter>
  </ItemGroup>
  <ItemGroup>
    <ClInclude Include="include\t2api.h">
      <Filter>Include</Filter>
    </ClInclude>
    <ClInclude Include="include\modLoader.h">
      <Filter>Include</Filter>
    </ClInclude>
  </ItemGroup>
  <ItemGroup>
    <ClCompile Include="source\t2api.cpp">
      <Filter>Source</Filter>
    </ClCompile>
    <ClCompile Include="source\t2dll.cpp">
      <Filter>Source</Filter>
    </ClCompile>
    <ClCompile Include="..\..\ModLoader\source\modLoader.cpp">
      <Filter>Source</Filter>
    </ClCompile>
  </ItemGroup>
</Project>